Microsoft Visual Studio Solution File, Format Version 12.00
# Visual Studio Version 17
VisualStudioVersion = 17.5.2.0
MinimumVisualStudioVersion = 10.0.40219.1
Project("{2150E333-8FDC-42A3-9474-1A3956D46DE8}") = "backend", "backend", "{1AE8ACA6-933B-BF2A-3671-3E2EAC007D16}"
EndProject
Project("{FAE04EC0-301F-11D3-BF4B-00C04F79EFBC}") = "FlashcardsApi", "backend\FlashcardsApi\FlashcardsApi.csproj", "{7AB0CD06-C42F-96DB-6279-B31A96756832}"
EndProject
Global
	GlobalSection(SolutionConfigurationPlatforms) = preSolution
		Debug|Any CPU = Debug|Any CPU
		Release|Any CPU = Release|Any CPU
	EndGlobalSection
	GlobalSection(ProjectConfigurationPlatforms) = postSolution
		{7AB0CD06-C42F-96DB-6279-B31A96756832}.Debug|Any CPU.ActiveCfg = Debug|Any CPU
		{7AB0CD06-C42F-96DB-6279-B31A96756832}.Debug|Any CPU.Build.0 = Debug|Any CPU
		{7AB0CD06-C42F-96DB-6279-B31A96756832}.Release|Any CPU.ActiveCfg = Release|Any CPU
		{7AB0CD06-C42F-96DB-6279-B31A96756832}.Release|Any CPU.Build.0 = Release|Any CPU
	EndGlobalSection
	GlobalSection(SolutionProperties) = preSolution
		HideSolutionNode = FALSE
	EndGlobalSection
	GlobalSection(NestedProjects) = preSolution
		{7AB0CD06-C42F-96DB-6279-B31A96756832} = {1AE8ACA6-933B-BF2A-3671-3E2EAC007D16}
	EndGlobalSection
	GlobalSection(ExtensibilityGlobals) = postSolution
		SolutionGuid = {87F9332A-3B98-4D17-8400-22479F8B7125}
	EndGlobalSection
EndGlobal
